
Microsoft Visual Studio Solution File, Format Version 12.00
# Visual Studio Version 17
VisualStudioVersion = 17.3.32922.545
MinimumVisualStudioVersion = 10.0.40219.1
Project("{FAE04EC0-301F-11D3-BF4B-00C04F79EFBC}") = "WebAPI", "WebAPI\WebAPI.csproj", "{53711373-89ED-4C25-A1D1-5831FC18FD41}"
EndProject
Global
	GlobalSection(SolutionConfigurationPlatforms) = preSolution
		Debug|Any CPU = Debug|Any CPU
		Release|Any CPU = Release|Any CPU
	EndGlobalSection
	GlobalSection(ProjectConfigurationPlatforms) = postSolution
		{53711373-89ED-4C25-A1D1-5831FC18FD41}.Debug|Any CPU.ActiveCfg = Debug|Any CPU
		{53711373-89ED-4C25-A1D1-5831FC18FD41}.Debug|Any CPU.Build.0 = Debug|Any CPU
		{53711373-89ED-4C25-A1D1-5831FC18FD41}.Release|Any CPU.ActiveCfg = Release|Any CPU
		{53711373-89ED-4C25-A1D1-5831FC18FD41}.Release|Any CPU.Build.0 = Release|Any CPU
	EndGlobalSection
	GlobalSection(SolutionProperties) = preSolution
		HideSolutionNode = FALSE
	EndGlobalSection
	GlobalSection(ExtensibilityGlobals) = postSolution
		SolutionGuid = {AB1A29F8-BEC9-4E49-BA49-15367CD62822}
	EndGlobalSection
EndGlobal
